lockfileVersion: '6.0'

settings:
  autoInstallPeers: true
  excludeLinksFromLockfile: false

dependencies:
  type-fest:
    specifier: ^4.21.0
    version: 4.21.0

packages:

  /type-fest@4.21.0:
    resolution: {integrity: sha512-ADn2w7hVPcK6w1I0uWnM//y1rLXZhzB9mr0a3OirzclKF1Wp6VzevUmzz/NRAWunOT6E8HrnpGY7xOfc6K57fA==}
    engines: {node: '>=16'}
    dev: false
